schema: '2.0'
stages:
  preprocess:
    cmd: python preprocess_dataset.py
    deps:
    - path: preprocess_dataset.py
      hash: md5
      md5: aa187bc224b884f80aa89ed6e8fe3395
      size: 996
    - path: raw_dataset/data.csv
      hash: md5
      md5: 6165d90b8708bb1c1dd14245cc6bef46
      size: 125204
    - path: utils.py
      hash: md5
      md5: a5e2f413dd0fb31cd9c79d7baf541a3f
      size: 383
    outs:
    - path: processed_dataset/data.csv
      hash: md5
      md5: d2f09d1a885f27fdbe35ec217df82dc4
      size: 338738
  train:
    cmd: python train.py
    deps:
    - path: metrics_and_plots.py
      hash: md5
      md5: ad45378d5f6487d7d926d00c1b10d8e2
      size: 375
    - path: model.py
      hash: md5
      md5: 1703791b8ab148500ed0c422ac5bcc02
      size: 1861
    - path: processed_dataset/data.csv
      hash: md5
      md5: d2f09d1a885f27fdbe35ec217df82dc4
      size: 338738
    - path: train.py
      hash: md5
      md5: 53c660bd55c0fdf1e61a6ceb54bc6d03
      size: 791
    - path: utils.py
      hash: md5
      md5: a5e2f413dd0fb31cd9c79d7baf541a3f
      size: 383
    outs:
    - path: metrics.json
      hash: md5
      md5: 7654d91b1f73142707ddfafc5020c014
      size: 78
    - path: predictions.csv
      hash: md5
      md5: 68d8a1a8a05bed49321417f331c3bdf7
      size: 599
  hp_tune:
    cmd: python hp_tune.py
    deps:
    - path: hp_tune.py
      hash: md5
      md5: 6aad431b984c3fdd7196954274202d3e
      size: 362
    - path: model.py
      hash: md5
      md5: 1703791b8ab148500ed0c422ac5bcc02
      size: 1861
    - path: processed_dataset/data.csv
      hash: md5
      md5: d2f09d1a885f27fdbe35ec217df82dc4
      size: 338738
    - path: utils.py
      hash: md5
      md5: a5e2f413dd0fb31cd9c79d7baf541a3f
      size: 383
    outs:
    - path: best_params_.json
      hash: md5
      md5: a9e4f1dbe56129199ab0db223abe3118
      size: 17
